{
    "requires": true,
    "lockfileVersion": 1,
    "dependencies": {
        "@shrutibalasa/tailwind-grid-auto-fit": {
            "version": "1.1.0",
            "resolved": "https://registry.npmjs.org/@shrutibalasa/tailwind-grid-auto-fit/-/tailwind-grid-auto-fit-1.1.0.tgz",
            "integrity": "sha512-sh/Vmdz/xTVziUF9ZYDb5YpECApdK85KXSRIJY58GzmdUuum5QBE3jqDeNMjICEVaVOSrOnp+gqUWx8A9dmZjA==",
            "dev": true
        }
    }
}
